
Microsoft Visual Studio Solution File, Format Version 12.00
# Visual Studio Version 17
VisualStudioVersion = 17.3.32804.467
MinimumVisualStudioVersion = 10.0.40219.1
Project("{FAE04EC0-301F-11D3-BF4B-00C04F79EFBC}") = "final0100", "final0100\final0100.csproj", "{306E4C98-52EE-42C4-A5AC-3CCEAE42312B}"
EndProject
Global
	GlobalSection(SolutionConfigurationPlatforms) = preSolution
		Debug|Any CPU = Debug|Any CPU
		Release|Any CPU = Release|Any CPU
	EndGlobalSection
	GlobalSection(ProjectConfigurationPlatforms) = postSolution
		{306E4C98-52EE-42C4-A5AC-3CCEAE42312B}.Debug|Any CPU.ActiveCfg = Debug|Any CPU
		{306E4C98-52EE-42C4-A5AC-3CCEAE42312B}.Debug|Any CPU.Build.0 = Debug|Any CPU
		{306E4C98-52EE-42C4-A5AC-3CCEAE42312B}.Release|Any CPU.ActiveCfg = Release|Any CPU
		{306E4C98-52EE-42C4-A5AC-3CCEAE42312B}.Release|Any CPU.Build.0 = Release|Any CPU
	EndGlobalSection
	GlobalSection(SolutionProperties) = preSolution
		HideSolutionNode = FALSE
	EndGlobalSection
	GlobalSection(ExtensibilityGlobals) = postSolution
		SolutionGuid = {BF2A0C01-D8FF-409C-A0FC-49F76C0FA245}
	EndGlobalSection
EndGlobal
